{
  "object": {
    "pins": [
      {
        "package": "Fuzi",
        "repositoryURL": "https://github.com/nbhasin2/Fuzi.git",
        "state": {
          "branch": "master",
          "revision": "04170682baf5c013a41270963c689c87ba0d1374",
          "version": null
        }
      },
      {
        "package": "Glean",
        "repositoryURL": "https://github.com/mozilla/glean-swift",
        "state": {
          "branch": null,
          "revision": "be4fbca81f9e1da5f9b91e8bd245a8dee53cc57f",
          "version": "63.0.0"
        }
      },
      {
        "package": "MozillaRustComponentsSwift",
        "repositoryURL": "https://github.com/mozilla/rust-components-swift",
        "state": {
          "branch": null,
          "revision": "2ad66acf29ef848c360bfcb7493d36d211b6bc9e",
          "version": "135.0.20250103050252"
        }
      },
      {
        "package": "Sentry",
        "repositoryURL": "https://github.com/getsentry/sentry-cocoa",
        "state": {
          "branch": null,
          "revision": "5575af93efb776414f243e93d6af9f6258dc539a",
          "version": "8.36.0"
        }
      },
      {
        "package": "SnapKit",
        "repositoryURL": "https://github.com/SnapKit/SnapKit",
        "state": {
          "branch": null,
          "revision": "e74fe2a978d1216c3602b129447c7301573cc2d8",
          "version": "5.7.0"
        }
      }
    ]
  },
  "version": 1
}
